
Microsoft Visual Studio Solution File, Format Version 12.00
# Visual Studio Version 17
VisualStudioVersion = 17.9.34723.18
MinimumVisualStudioVersion = 10.0.40219.1
Project("{9A19103F-16F7-4668-BE54-9A1E7A4F7556}") = "PPN", "PPN\PPN.csproj", "{9FC406A4-4D10-4DDC-A774-01E54F57EB36}"
EndProject
Global
	GlobalSection(SolutionConfigurationPlatforms) = preSolution
		Debug|Any CPU = Debug|Any CPU
		Release|Any CPU = Release|Any CPU
	EndGlobalSection
	GlobalSection(ProjectConfigurationPlatforms) = postSolution
		{9FC406A4-4D10-4DDC-A774-01E54F57EB36}.Debug|Any CPU.ActiveCfg = Debug|Any CPU
		{9FC406A4-4D10-4DDC-A774-01E54F57EB36}.Debug|Any CPU.Build.0 = Debug|Any CPU
		{9FC406A4-4D10-4DDC-A774-01E54F57EB36}.Release|Any CPU.ActiveCfg = Release|Any CPU
		{9FC406A4-4D10-4DDC-A774-01E54F57EB36}.Release|Any CPU.Build.0 = Release|Any CPU
	EndGlobalSection
	GlobalSection(SolutionProperties) = preSolution
		HideSolutionNode = FALSE
	EndGlobalSection
	GlobalSection(ExtensibilityGlobals) = postSolution
		SolutionGuid = {C2D5E5A6-05E1-4C99-9F51-7EC827C4141B}
	EndGlobalSection
EndGlobal
